
Microsoft Visual Studio Solution File, Format Version 12.00
# Visual Studio 2015
Project("{FAE04EC0-301F-11D3-BF4B-00C04F79EFBC}") = "Galaxy_Roll_Proto.CSharp.Plugins", "Galaxy_Roll_Proto.CSharp.Plugins.csproj", "{A75E0BB1-ADF2-2623-CCC8-3ACBEEDF0051}"
EndProject
Project("{FAE04EC0-301F-11D3-BF4B-00C04F79EFBC}") = "Galaxy_Roll_Proto.CSharp", "Galaxy_Roll_Proto.CSharp.csproj", "{53FD83D3-9742-80D2-7ACA-5DEE4C5D9006}"
EndProject
Global
	GlobalSection(SolutionConfigurationPlatforms) = preSolution
		Debug|Any CPU = Debug|Any CPU
		Release|Any CPU = Release|Any CPU
	EndGlobalSection
	GlobalSection(ProjectConfigurationPlatforms) = postSolution
		{A75E0BB1-ADF2-2623-CCC8-3ACBEEDF0051}.Debug|Any CPU.ActiveCfg = Debug|Any CPU
		{A75E0BB1-ADF2-2623-CCC8-3ACBEEDF0051}.Debug|Any CPU.Build.0 = Debug|Any CPU
		{A75E0BB1-ADF2-2623-CCC8-3ACBEEDF0051}.Release|Any CPU.ActiveCfg = Release|Any CPU
		{A75E0BB1-ADF2-2623-CCC8-3ACBEEDF0051}.Release|Any CPU.Build.0 = Release|Any CPU
		{53FD83D3-9742-80D2-7ACA-5DEE4C5D9006}.Debug|Any CPU.ActiveCfg = Debug|Any CPU
		{53FD83D3-9742-80D2-7ACA-5DEE4C5D9006}.Debug|Any CPU.Build.0 = Debug|Any CPU
		{53FD83D3-9742-80D2-7ACA-5DEE4C5D9006}.Release|Any CPU.ActiveCfg = Release|Any CPU
		{53FD83D3-9742-80D2-7ACA-5DEE4C5D9006}.Release|Any CPU.Build.0 = Release|Any CPU
	EndGlobalSection
	GlobalSection(SolutionProperties) = preSolution
		HideSolutionNode = FALSE
	EndGlobalSection
EndGlobal
